
Microsoft Visual Studio Solution File, Format Version 12.00
# Visual Studio 15
VisualStudioVersion = 15.0.27130.2020
MinimumVisualStudioVersion = 10.0.40219.1
Project("{FAE04EC0-301F-11D3-BF4B-00C04F79EFBC}") = "CarDealer", "CarDealer\CarDealer.csproj", "{C124C958-E812-4E92-B4D8-DE8943C5834B}"
EndProject
Global
	GlobalSection(SolutionConfigurationPlatforms) = preSolution
		Debug|Any CPU = Debug|Any CPU
		Release|Any CPU = Release|Any CPU
	EndGlobalSection
	GlobalSection(ProjectConfigurationPlatforms) = postSolution
		{C124C958-E812-4E92-B4D8-DE8943C5834B}.Debug|Any CPU.ActiveCfg = Debug|Any CPU
		{C124C958-E812-4E92-B4D8-DE8943C5834B}.Debug|Any CPU.Build.0 = Debug|Any CPU
		{C124C958-E812-4E92-B4D8-DE8943C5834B}.Release|Any CPU.ActiveCfg = Release|Any CPU
		{C124C958-E812-4E92-B4D8-DE8943C5834B}.Release|Any CPU.Build.0 = Release|Any CPU
	EndGlobalSection
	GlobalSection(SolutionProperties) = preSolution
		HideSolutionNode = FALSE
	EndGlobalSection
	GlobalSection(ExtensibilityGlobals) = postSolution
		SolutionGuid = {3BE14008-F65C-4967-BDCE-E6B04BD89FF1}
	EndGlobalSection
EndGlobal
